{
  "version": 4,
  "terraform_version": "1.2.3",
  "serial": 35,
  "lineage": "be3f6543-fb98-aa38-9880-9675c34fb9ed",
  "outputs": {
    "kubernetes_cluster_host": {
      "value": "104.197.215.70",
      "type": "string"
    },
    "kubernetes_cluster_name": {
      "value": "mycluster",
      "type": "string"
    },
    "project_id": {
      "value": "skilled-clover-355610",
      "type": "string"
    },
    "region": {
      "value": "us-central1",
      "type": "string"
    }
  },
  "resources": [
    {
      "mode": "managed",
      "type": "docker_network",
      "name": "private_network",
      "provider": "provider[\"registry.terraform.io/kreuzwerker/docker\"]",
      "instances": [
        {
          "schema_version": 1,
          "attributes": {
            "attachable": false,
            "check_duplicate": null,
            "driver": "bridge",
            "id": "2fd50fc3ab07febeca6967ad4ba1d4bc0ff390e7f3a13d96bbbd735eba3c1f8c",
            "ingress": false,
            "internal": false,
            "ipam_config": [
              {
                "aux_address": {},
                "gateway": "172.19.0.1",
                "ip_range": "",
                "subnet": "172.19.0.0/16"
              }
            ],
            "ipam_driver": "default",
            "ipv6": false,
            "labels": [],
            "name": "MyBridgedNetwork",
            "options": {},
            "scope": "local"
          },
          "sensitive_attributes": [],
          "private": "eyJzY2hlbWFfdmVyc2lvbiI6IjEifQ=="
        }
      ]
    },
    {
      "mode": "managed",
      "type": "google_compute_disk",
      "name": "default",
      "provider": "provider[\"registry.terraform.io/hashicorp/google\"]",
      "instances": [
        {
          "schema_version": 0,
          "attributes": {
            "creation_timestamp": "2022-07-07T03:49:49.494-07:00",
            "description": "",
            "disk_encryption_key": [],
            "id": "projects/skilled-clover-355610/zones/us-central1-a/disks/test-disk",
            "image": "https://www.googleapis.com/compute/v1/projects/debian-cloud/global/images/debian-9-stretch-v20200805",
            "label_fingerprint": "a6HI36FuYIQ=",
            "labels": {
              "environment": "dev"
            },
            "last_attach_timestamp": "",
            "last_detach_timestamp": "",
            "name": "test-disk",
            "physical_block_size_bytes": 4096,
            "project": "skilled-clover-355610",
            "self_link": "https://www.googleapis.com/compute/v1/projects/skilled-clover-355610/zones/us-central1-a/disks/test-disk",
            "size": 10,
            "snapshot": "",
            "source_image_encryption_key": [],
            "source_image_id": "6709658075886210235",
            "source_snapshot_encryption_key": [],
            "source_snapshot_id": "",
            "timeouts": null,
            "type": "pd-ssd",
            "users": [],
            "zone": "us-central1-a"
          },
          "sensitive_attributes": [],
          "private": "eyJlMmJmYjczMC1lY2FhLTExZTYtOGY4OC0zNDM2M2JjN2M0YzAiOnsiY3JlYXRlIjozMDAwMDAwMDAwMDAsImRlbGV0ZSI6MjQwMDAwMDAwMDAwLCJ1cGRhdGUiOjI0MDAwMDAwMDAwMH19"
        }
      ]
    },
    {
      "mode": "managed",
      "type": "google_compute_network",
      "name": "vpc",
      "provider": "provider[\"registry.terraform.io/hashicorp/google\"]",
      "instances": [
        {
          "schema_version": 0,
          "attributes": {
            "auto_create_subnetworks": true,
            "delete_default_routes_on_create": false,
            "description": "",
            "gateway_ipv4": "",
            "id": "projects/skilled-clover-355610/global/networks/skilled-clover-355610-vpc",
            "mtu": 1500,
            "name": "skilled-clover-355610-vpc",
            "project": "skilled-clover-355610",
            "routing_mode": "REGIONAL",
            "self_link": "https://www.googleapis.com/compute/v1/projects/skilled-clover-355610/global/networks/skilled-clover-355610-vpc",
            "timeouts": null
          },
          "sensitive_attributes": [],
          "private": "eyJlMmJmYjczMC1lY2FhLTExZTYtOGY4OC0zNDM2M2JjN2M0YzAiOnsiY3JlYXRlIjoyNDAwMDAwMDAwMDAsImRlbGV0ZSI6MjQwMDAwMDAwMDAwLCJ1cGRhdGUiOjI0MDAwMDAwMDAwMH19"
        }
      ]
    },
    {
      "mode": "managed",
      "type": "google_compute_subnetwork",
      "name": "subnet",
      "provider": "provider[\"registry.terraform.io/hashicorp/google\"]",
      "instances": [
        {
          "schema_version": 0,
          "attributes": {
            "creation_timestamp": "2022-07-07T03:50:31.145-07:00",
            "description": "",
            "fingerprint": null,
            "gateway_address": "10.10.0.1",
            "id": "projects/skilled-clover-355610/regions/us-central1/subnetworks/skilled-clover-355610-subnet",
            "ip_cidr_range": "10.10.0.0/24",
            "log_config": [],
            "name": "skilled-clover-355610-subnet",
            "network": "https://www.googleapis.com/compute/v1/projects/skilled-clover-355610/global/networks/skilled-clover-355610-vpc",
            "private_ip_google_access": false,
            "private_ipv6_google_access": "DISABLE_GOOGLE_ACCESS",
            "project": "skilled-clover-355610",
            "region": "us-central1",
            "secondary_ip_range": [],
            "self_link": "https://www.googleapis.com/compute/v1/projects/skilled-clover-355610/regions/us-central1/subnetworks/skilled-clover-355610-subnet",
            "timeouts": null
          },
          "sensitive_attributes": [],
          "private": "eyJlMmJmYjczMC1lY2FhLTExZTYtOGY4OC0zNDM2M2JjN2M0YzAiOnsiY3JlYXRlIjozNjAwMDAwMDAwMDAsImRlbGV0ZSI6MzYwMDAwMDAwMDAwLCJ1cGRhdGUiOjM2MDAwMDAwMDAwMH19",
          "dependencies": [
            "google_compute_network.vpc"
          ]
        }
      ]
    },
    {
      "mode": "managed",
      "type": "google_container_cluster",
      "name": "MyCluster",
      "provider": "provider[\"registry.terraform.io/hashicorp/google\"]",
      "instances": [
        {
          "schema_version": 1,
          "attributes": {
            "addons_config": [
              {
                "cloudrun_config": [],
                "horizontal_pod_autoscaling": [],
                "http_load_balancing": [],
                "network_policy_config": [
                  {
                    "disabled": true
                  }
                ]
              }
            ],
            "authenticator_groups_config": [],
            "cluster_autoscaling": [
              {
                "auto_provisioning_defaults": [],
                "enabled": false,
                "resource_limits": []
              }
            ],
            "cluster_ipv4_cidr": "10.68.0.0/14",
            "database_encryption": [
              {
                "key_name": "",
                "state": "DECRYPTED"
              }
            ],
            "default_max_pods_per_node": 110,
            "description": "",
            "enable_binary_authorization": false,
            "enable_intranode_visibility": null,
            "enable_kubernetes_alpha": false,
            "enable_legacy_abac": false,
            "enable_shielded_nodes": false,
            "enable_tpu": null,
            "endpoint": "104.197.215.70",
            "id": "projects/skilled-clover-355610/locations/us-central1/clusters/mycluster",
            "initial_node_count": 1,
            "instance_group_urls": [
              "https://www.googleapis.com/compute/v1/projects/skilled-clover-355610/zones/us-central1-c/instanceGroups/gke-mycluster-default-pool-51c0a9b5-grp",
              "https://www.googleapis.com/compute/v1/projects/skilled-clover-355610/zones/us-central1-a/instanceGroups/gke-mycluster-default-pool-8ac57cbd-grp",
              "https://www.googleapis.com/compute/v1/projects/skilled-clover-355610/zones/us-central1-f/instanceGroups/gke-mycluster-default-pool-ddc1adfa-grp"
            ],
            "ip_allocation_policy": [
              {
                "cluster_ipv4_cidr_block": "10.68.0.0/14",
                "cluster_secondary_range_name": "gke-mycluster-pods-bd6fed6b",
                "services_ipv4_cidr_block": "10.72.0.0/20",
                "services_secondary_range_name": "gke-mycluster-services-bd6fed6b"
              }
            ],
            "label_fingerprint": "a9dc16a7",
            "location": "us-central1",
            "logging_service": "logging.googleapis.com/kubernetes",
            "maintenance_policy": [],
            "master_auth": [
              {
                "client_certificate": "",
                "client_certificate_config": [
                  {
                    "issue_client_certificate": false
                  }
                ],
                "client_key": "",
                "cluster_ca_certificate": "LS0tLS1CRUdJTiBDRVJUSUZJQ0FURS0tLS0tCk1JSUVMRENDQXBTZ0F3SUJBZ0lRSmZEVlhydFVkSWxkbnFFcE9ZU0I0REFOQmdrcWhraUc5dzBCQVFzRkFEQXYKTVMwd0t3WURWUVFERXlSa1pUVTNZell5WlMwNU56a3hMVFF5T1RJdE9UaGlOaTFqWm1Jek5URTFORGxsT0RBdwpJQmNOTWpJd056QTNNRGsxTWpJd1doZ1BNakExTWpBMk1qa3hNRFV5TWpCYU1DOHhMVEFyQmdOVkJBTVRKR1JsCk5UZGpOakpsTFRrM09URXROREk1TWkwNU9HSTJMV05tWWpNMU1UVTBPV1U0TURDQ0FhSXdEUVlKS29aSWh2Y04KQVFFQkJRQURnZ0dQQURDQ0FZb0NnZ0dCQU5VWGNPQWtRaHZmem92R3BRc1c4SUR4Y1dIVEY2ZDdUb20wbk1pWApvUnFzRG1kV2dNdFA5RnR4SDFVRkpuSlRpQlFNMXpWSFUwakVVR01lVVZNRlhDSmk1VHVaREZlcHphNlpKTlAzCkRHSjZtOUpRYjhSd2VNQmhFNXZZMkVPb29qVE4rRitNdU9hWUxVaEtNaXdZZS9uVHBNOTlMc0VFS3ZEeCtkM3UKRVg0ZitsRWd3c0NnemlIOGdONGUyMUJtWVVOaVdSL0JocXBmVnlEMHFwKzFOc0N6am5Xc2dCdTcvQkd4b1EwSApMR0Q4dFZreCtiK0FOcG1kcUR6WG54V1BIVzV1NTZSd1lMTHlQZjJycjQrejhQendPdE1LdmpRTEpNUFdpc1daClZROGtpSmd5ZG0zT3R5RThBcjd5QUdtRzlUeWRXNDZRRmtydytoa3FxNXpLUHhGNUN0d3NHVjhMRkhZTEEydW4KU3ppV1BxWUJPaWttRWdpY1VNckFxNHM5MnVCRGx4WVAxQ1Y1N1JyWVZTcUlNcnBlYTgyeHVySTlleTN0a0tzQgo5Q1hXS29zZVB4NmF2YnVkc1lPWWQ1SXVSbmh4WlcyTkJVRVlndU1kenp4TTN0azV2RjF1Z3pYQmNZemJVR0VKClFMYjRPZXcrZUwvbWtFZ3c1WDhvS081QzZRSURBUUFCbzBJd1FEQU9CZ05WSFE4QkFmOEVCQU1DQWdRd0R3WUQKVlIwVEFRSC9CQVV3QXdFQi96QWRCZ05WSFE0RUZnUVV0TnhtU1BoZXp6WlVxT2JjUFc3Tms3djd3UkF3RFFZSgpLb1pJaHZjTkFRRUxCUUFEZ2dHQkFFOG00bjl1T1hZSG5TS1F3aHpZSmZtaGdvUllOQi9KYkp6czNyWEVOcEplCjA3d2JDY2R3akwvbXlEWms4U0IveHJsUDBBYzYrd0d5Y0RkMmxwSDdlM09ZR3lHS25SZlUxSkN1VkJNOHMvdloKS01WSnJDK0s5bTdpUm5abGI2NjZOeS8vaXJObVNiTVN0YWJCL01MQ3MzVW5ZUnJxTmZ3SnViMXk3ZEpqZEJJLwoyQVJaRVJJdXZVanRCSkk5TWdZV2lQdWU1TlpNempTRGtKRjkzU0tiWW1DN0FuRTloWk4zVUlnNGZtdS9HOEc4CkkzWmo3TGVTWnR0ZXk5YTBwSldrZ016RjJtWUFmdS9qR1hTcS9NRHM5Y2dZblhuYTF4L21lQzZWWXNKN0ZQMjMKOTFxckxqWkpMYUczY2k0cFlJWkREOENSY3ErYXdxR0IzWXZBZzRyaWR2cytQd0YvOVI0ckFmUWVITzE2ZWtBagprY2N3VXBVY1pwT1o2NzdHQ0VmRHI2NE04ZmRXNFZQT215SFBpZkEvUmMxdUxQZ1d2eFpCMDZMQ0JzVWozYzdGCnV6RFB0MXhpREhnUkdzbHJxeEF5VUV0ZE56N1hsQno3dlNhZXZoNDh2YXcrZkdNZjRqVW1mdktrekw1S0VGbU8KRnRnZkZBcE9WT0w2VSsvRmtnNm5EUT09Ci0tLS0tRU5EIENFUlRJRklDQVRFLS0tLS0K",
                "password": "",
                "username": ""
              }
            ],
            "master_authorized_networks_config": [],
            "master_version": "1.22.8-gke.202",
            "min_master_version": null,
            "monitoring_service": "monitoring.googleapis.com/kubernetes",
            "name": "mycluster",
            "network": "projects/skilled-clover-355610/global/networks/default",
            "network_policy": [
              {
                "enabled": false,
                "provider": "PROVIDER_UNSPECIFIED"
              }
            ],
            "node_config": [
              {
                "disk_size_gb": 100,
                "disk_type": "pd-standard",
                "guest_accelerator": [],
                "image_type": "COS_CONTAINERD",
                "labels": {},
                "local_ssd_count": 0,
                "machine_type": "e2-medium",
                "metadata": {
                  "disable-legacy-endpoints": "true"
                },
                "min_cpu_platform": "",
                "oauth_scopes": [
                  "https://www.googleapis.com/auth/devstorage.read_only",
                  "https://www.googleapis.com/auth/logging.write",
                  "https://www.googleapis.com/auth/monitoring",
                  "https://www.googleapis.com/auth/service.management.readonly",
                  "https://www.googleapis.com/auth/servicecontrol",
                  "https://www.googleapis.com/auth/trace.append"
                ],
                "preemptible": false,
                "service_account": "default",
                "shielded_instance_config": [
                  {
                    "enable_integrity_monitoring": true,
                    "enable_secure_boot": false
                  }
                ],
                "tags": [],
                "taint": [],
                "workload_metadata_config": []
              }
            ],
            "node_locations": [
              "us-central1-a",
              "us-central1-c",
              "us-central1-f"
            ],
            "node_pool": [
              {
                "autoscaling": [],
                "initial_node_count": 1,
                "instance_group_urls": [
                  "https://www.googleapis.com/compute/v1/projects/skilled-clover-355610/zones/us-central1-c/instanceGroupManagers/gke-mycluster-default-pool-51c0a9b5-grp",
                  "https://www.googleapis.com/compute/v1/projects/skilled-clover-355610/zones/us-central1-a/instanceGroupManagers/gke-mycluster-default-pool-8ac57cbd-grp",
                  "https://www.googleapis.com/compute/v1/projects/skilled-clover-355610/zones/us-central1-f/instanceGroupManagers/gke-mycluster-default-pool-ddc1adfa-grp"
                ],
                "management": [
                  {
                    "auto_repair": true,
                    "auto_upgrade": true
                  }
                ],
                "max_pods_per_node": 110,
                "name": "default-pool",
                "name_prefix": "",
                "node_config": [
                  {
                    "disk_size_gb": 100,
                    "disk_type": "pd-standard",
                    "guest_accelerator": [],
                    "image_type": "COS_CONTAINERD",
                    "labels": {},
                    "local_ssd_count": 0,
                    "machine_type": "e2-medium",
                    "metadata": {
                      "disable-legacy-endpoints": "true"
                    },
                    "min_cpu_platform": "",
                    "oauth_scopes": [
                      "https://www.googleapis.com/auth/devstorage.read_only",
                      "https://www.googleapis.com/auth/logging.write",
                      "https://www.googleapis.com/auth/monitoring",
                      "https://www.googleapis.com/auth/service.management.readonly",
                      "https://www.googleapis.com/auth/servicecontrol",
                      "https://www.googleapis.com/auth/trace.append"
                    ],
                    "preemptible": false,
                    "service_account": "default",
                    "shielded_instance_config": [
                      {
                        "enable_integrity_monitoring": true,
                        "enable_secure_boot": false
                      }
                    ],
                    "tags": [],
                    "taint": [],
                    "workload_metadata_config": []
                  }
                ],
                "node_count": 1,
                "node_locations": [
                  "us-central1-a",
                  "us-central1-c",
                  "us-central1-f"
                ],
                "upgrade_settings": [
                  {
                    "max_surge": 1,
                    "max_unavailable": 0
                  }
                ],
                "version": "1.22.8-gke.202"
              }
            ],
            "node_version": "1.22.8-gke.202",
            "operation": null,
            "pod_security_policy_config": [],
            "private_cluster_config": [],
            "project": "skilled-clover-355610",
            "release_channel": [
              {
                "channel": "REGULAR"
              }
            ],
            "remove_default_node_pool": false,
            "resource_labels": null,
            "resource_usage_export_config": [],
            "self_link": "https://container.googleapis.com/v1beta1/projects/skilled-clover-355610/locations/us-central1/clusters/mycluster",
            "services_ipv4_cidr": "10.72.0.0/20",
            "subnetwork": "projects/skilled-clover-355610/regions/us-central1/subnetworks/default",
            "timeouts": null,
            "vertical_pod_autoscaling": [],
            "workload_identity_config": []
          },
          "sensitive_attributes": [],
          "private": "eyJlMmJmYjczMC1lY2FhLTExZTYtOGY4OC0zNDM2M2JjN2M0YzAiOnsiY3JlYXRlIjoyNDAwMDAwMDAwMDAwLCJkZWxldGUiOjI0MDAwMDAwMDAwMDAsInJlYWQiOjI0MDAwMDAwMDAwMDAsInVwZGF0ZSI6MzYwMDAwMDAwMDAwMH0sInNjaGVtYV92ZXJzaW9uIjoiMSJ9"
        }
      ]
    },
    {
      "mode": "managed",
      "type": "google_container_node_pool",
      "name": "MyCluster_preemptible_nodes",
      "provider": "provider[\"registry.terraform.io/hashicorp/google\"]",
      "instances": [
        {
          "schema_version": 1,
          "attributes": {
            "autoscaling": [],
            "cluster": "mycluster",
            "id": "projects/skilled-clover-355610/locations/us-central1/clusters/mycluster/nodePools/mycluster",
            "initial_node_count": 1,
            "instance_group_urls": [
              "https://www.googleapis.com/compute/v1/projects/skilled-clover-355610/zones/us-central1-c/instanceGroupManagers/gke-mycluster-mycluster-3aef07f9-grp",
              "https://www.googleapis.com/compute/v1/projects/skilled-clover-355610/zones/us-central1-a/instanceGroupManagers/gke-mycluster-mycluster-6893785f-grp",
              "https://www.googleapis.com/compute/v1/projects/skilled-clover-355610/zones/us-central1-f/instanceGroupManagers/gke-mycluster-mycluster-aa5d7a95-grp"
            ],
            "location": "us-central1",
            "management": [
              {
                "auto_repair": true,
                "auto_upgrade": true
              }
            ],
            "max_pods_per_node": 110,
            "name": "mycluster",
            "name_prefix": "",
            "node_config": [
              {
                "disk_size_gb": 100,
                "disk_type": "pd-standard",
                "guest_accelerator": [],
                "image_type": "COS_CONTAINERD",
                "labels": {},
                "local_ssd_count": 0,
                "machine_type": "e2-medium",
                "metadata": {
                  "disable-legacy-endpoints": "true"
                },
                "min_cpu_platform": "",
                "oauth_scopes": [
                  "https://www.googleapis.com/auth/cloud-platform"
                ],
                "preemptible": true,
                "service_account": "service-account-id@skilled-clover-355610.iam.gserviceaccount.com",
                "shielded_instance_config": [
                  {
                    "enable_integrity_monitoring": true,
                    "enable_secure_boot": false
                  }
                ],
                "tags": null,
                "taint": [],
                "workload_metadata_config": []
              }
            ],
            "node_count": 1,
            "node_locations": [
              "us-central1-a",
              "us-central1-c",
              "us-central1-f"
            ],
            "project": "skilled-clover-355610",
            "timeouts": null,
            "upgrade_settings": [
              {
                "max_surge": 1,
                "max_unavailable": 0
              }
            ],
            "version": "1.22.8-gke.202"
          },
          "sensitive_attributes": [],
          "private": "eyJlMmJmYjczMC1lY2FhLTExZTYtOGY4OC0zNDM2M2JjN2M0YzAiOnsiY3JlYXRlIjoxODAwMDAwMDAwMDAwLCJkZWxldGUiOjE4MDAwMDAwMDAwMDAsInVwZGF0ZSI6MTgwMDAwMDAwMDAwMH0sInNjaGVtYV92ZXJzaW9uIjoiMSJ9",
          "dependencies": [
            "google_container_cluster.MyCluster",
            "google_service_account.default"
          ]
        }
      ]
    },
    {
      "mode": "managed",
      "type": "google_service_account",
      "name": "default",
      "provider": "provider[\"registry.terraform.io/hashicorp/google\"]",
      "instances": [
        {
          "schema_version": 0,
          "attributes": {
            "account_id": "service-account-id",
            "description": "",
            "display_name": "MyCluster",
            "email": "service-account-id@skilled-clover-355610.iam.gserviceaccount.com",
            "id": "projects/skilled-clover-355610/serviceAccounts/service-account-id@skilled-clover-355610.iam.gserviceaccount.com",
            "name": "projects/skilled-clover-355610/serviceAccounts/service-account-id@skilled-clover-355610.iam.gserviceaccount.com",
            "project": "skilled-clover-355610",
            "timeouts": null,
            "unique_id": "110573288022295724885"
          },
          "sensitive_attributes": [],
          "private": "eyJlMmJmYjczMC1lY2FhLTExZTYtOGY4OC0zNDM2M2JjN2M0YzAiOnsiY3JlYXRlIjozMDAwMDAwMDAwMDB9fQ=="
        }
      ]
    },
    {
      "mode": "managed",
      "type": "kubernetes_service_v1",
      "name": "example",
      "provider": "provider[\"registry.terraform.io/hashicorp/kubernetes\"]",
      "instances": []
    },
    {
      "mode": "managed",
      "type": "kubernetes_service_v1",
      "name": "example2",
      "provider": "provider[\"registry.terraform.io/hashicorp/kubernetes\"]",
      "instances": []
    }
  ]
}
